
Microsoft Visual Studio Solution File, Format Version 10.00
# Visual Studio 2008
Project("{FAE04EC0-301F-11D3-BF4B-00C04F79EFBC}") = "BTmonCF", "BTmonCF\BTmonCF.csproj", "{F148E6D5-FB82-4163-B566-142AED476859}"
EndProject
Project("{FAE04EC0-301F-11D3-BF4B-00C04F79EFBC}") = "BTmonCFdemo", "BTmonCFdemo\BTmonCFdemo.csproj", "{5B9E4C15-F34C-4DC9-AE88-70DC69DB5E17}"
EndProject
Global
	GlobalSection(SolutionConfigurationPlatforms) = preSolution
		Debug|Any CPU = Debug|Any CPU
		Release|Any CPU = Release|Any CPU
	EndGlobalSection
	GlobalSection(ProjectConfigurationPlatforms) = postSolution
		{F148E6D5-FB82-4163-B566-142AED476859}.Debug|Any CPU.ActiveCfg = Debug|Any CPU
		{F148E6D5-FB82-4163-B566-142AED476859}.Debug|Any CPU.Build.0 = Debug|Any CPU
		{F148E6D5-FB82-4163-B566-142AED476859}.Release|Any CPU.ActiveCfg = Release|Any CPU
		{F148E6D5-FB82-4163-B566-142AED476859}.Release|Any CPU.Build.0 = Release|Any CPU
		{5B9E4C15-F34C-4DC9-AE88-70DC69DB5E17}.Debug|Any CPU.ActiveCfg = Debug|Any CPU
		{5B9E4C15-F34C-4DC9-AE88-70DC69DB5E17}.Debug|Any CPU.Build.0 = Debug|Any CPU
		{5B9E4C15-F34C-4DC9-AE88-70DC69DB5E17}.Debug|Any CPU.Deploy.0 = Debug|Any CPU
		{5B9E4C15-F34C-4DC9-AE88-70DC69DB5E17}.Release|Any CPU.ActiveCfg = Release|Any CPU
		{5B9E4C15-F34C-4DC9-AE88-70DC69DB5E17}.Release|Any CPU.Build.0 = Release|Any CPU
		{5B9E4C15-F34C-4DC9-AE88-70DC69DB5E17}.Release|Any CPU.Deploy.0 = Release|Any CPU
	EndGlobalSection
	GlobalSection(SolutionProperties) = preSolution
		HideSolutionNode = FALSE
	EndGlobalSection
EndGlobal
